// !$*UTF8*$!
{
	archiveVersion = 1;
	classes = {
	};
	objectVersion = 50;
	objects = {

/* Begin PBXBuildFile section */
		8444434D24CC82E60090FFFC /* AppDelegate.swift in Sources */ = {isa = PBXBuildFile; fileRef = 8444434C24CC82E60090FFFC /* AppDelegate.swift */; };
		8444434F24CC82E60090FFFC /* SceneDelegate.swift in Sources */ = {isa = PBXBuildFile; fileRef = 8444434E24CC82E60090FFFC /* SceneDelegate.swift */; };
		8444435124CC82E60090FFFC /* HomeView.swift in Sources */ = {isa = PBXBuildFile; fileRef = 8444435024CC82E60090FFFC /* HomeView.swift */; };
		8444435324CC82E70090FFFC /* Assets.xcassets in Resources */ = {isa = PBXBuildFile; fileRef = 8444435224CC82E70090FFFC /* Assets.xcassets */; };
		8444435624CC82E70090FFFC /* Preview Assets.xcassets in Resources */ = {isa = PBXBuildFile; fileRef = 8444435524CC82E70090FFFC /* Preview Assets.xcassets */; };
		8444435924CC82E70090FFFC /* LaunchScreen.storyboard in Resources */ = {isa = PBXBuildFile; fileRef = 8444435724CC82E70090FFFC /* LaunchScreen.storyboard */; };
		8444436A24CD019A0090FFFC /* Weapon.swift in Sources */ = {isa = PBXBuildFile; fileRef = 8444436924CD019A0090FFFC /* Weapon.swift */; };
		8444437024CD06200090FFFC /* weapons.json in Resources */ = {isa = PBXBuildFile; fileRef = 8444436F24CD06200090FFFC /* weapons.json */; };
		8444437524CD08940090FFFC /* Constants.swift in Sources */ = {isa = PBXBuildFile; fileRef = 8444437424CD08940090FFFC /* Constants.swift */; };
		8444437724CD29020090FFFC /* WeaponModel.swift in Sources */ = {isa = PBXBuildFile; fileRef = 8444437624CD29020090FFFC /* WeaponModel.swift */; };
		8444437B24CD2E500090FFFC /* WeaponListView.swift in Sources */ = {isa = PBXBuildFile; fileRef = 8444437A24CD2E500090FFFC /* WeaponListView.swift */; };
		8444437D24CD2F820090FFFC /* WeaponDetail.swift in Sources */ = {isa = PBXBuildFile; fileRef = 8444437C24CD2F820090FFFC /* WeaponDetail.swift */; };
		8444438B24CDFE900090FFFC /* Teko-SemiBold.ttf in Resources */ = {isa = PBXBuildFile; fileRef = 8444438624CDFE900090FFFC /* Teko-SemiBold.ttf */; };
		8444438C24CDFE910090FFFC /* Teko-Bold.ttf in Resources */ = {isa = PBXBuildFile; fileRef = 8444438724CDFE900090FFFC /* Teko-Bold.ttf */; };
		8444438D24CDFE910090FFFC /* Teko-Medium.ttf in Resources */ = {isa = PBXBuildFile; fileRef = 8444438824CDFE900090FFFC /* Teko-Medium.ttf */; };
		8444438E24CDFE910090FFFC /* Teko-Light.ttf in Resources */ = {isa = PBXBuildFile; fileRef = 8444438924CDFE900090FFFC /* Teko-Light.ttf */; };
		8444438F24CDFE910090FFFC /* Teko-Regular.ttf in Resources */ = {isa = PBXBuildFile; fileRef = 8444438A24CDFE900090FFFC /* Teko-Regular.ttf */; };
		8444439F24CE656F0090FFFC /* WDTypesView.swift in Sources */ = {isa = PBXBuildFile; fileRef = 8444439E24CE656F0090FFFC /* WDTypesView.swift */; };
		844443A124CE65DA0090FFFC /* WDHeaderView.swift in Sources */ = {isa = PBXBuildFile; fileRef = 844443A024CE65DA0090FFFC /* WDHeaderView.swift */; };
		844443A324CF63C80090FFFC /* Data.swift in Sources */ = {isa = PBXBuildFile; fileRef = 844443A224CF63C80090FFFC /* Data.swift */; };
		844443A524CF67C10090FFFC /* WeaponRow.swift in Sources */ = {isa = PBXBuildFile; fileRef = 844443A424CF67C10090FFFC /* WeaponRow.swift */; };
		844443A724CF71A40090FFFC /* WDDamageView.swift in Sources */ = {isa = PBXBuildFile; fileRef = 844443A624CF71A40090FFFC /* WDDamageView.swift */; };
		844443AB24CFB3860090FFFC /* WDFireModeView.swift in Sources */ = {isa = PBXBuildFile; fileRef = 844443AA24CFB3860090FFFC /* WDFireModeView.swift */; };
		844443AF24CFB7050090FFFC /* WDRecoilView.swift in Sources */ = {isa = PBXBuildFile; fileRef = 844443AE24CFB7050090FFFC /* WDRecoilView.swift */; };
		844443B124CFB7900090FFFC /* WDClipsView.swift in Sources */ = {isa = PBXBuildFile; fileRef = 844443B024CFB7900090FFFC /* WDClipsView.swift */; };
		844443B324D07E040090FFFC /* WDDescriptionView.swift in Sources */ = {isa = PBXBuildFile; fileRef = 844443B224D07E040090FFFC /* WDDescriptionView.swift */; };
		844443B524D082A80090FFFC /* WDSubheaderView.swift in Sources */ = {isa = PBXBuildFile; fileRef = 844443B424D082A80090FFFC /* WDSubheaderView.swift */; };
		844443E324D1E7960090FFFC /* WeaponItem.swift in Sources */ = {isa = PBXBuildFile; fileRef = 844443E224D1E7960090FFFC /* WeaponItem.swift */; };
		844443E524D1F7AB0090FFFC /* BackgroundView.swift in Sources */ = {isa = PBXBuildFile; fileRef = 844443E424D1F7AB0090FFFC /* BackgroundView.swift */; };
		844443E924D212300090FFFC /* NavigationConfigurator.swift in Sources */ = {isa = PBXBuildFile; fileRef = 844443E824D212300090FFFC /* NavigationConfigurator.swift */; };
		844443EC24D500BB0090FFFC /* characters.json in Resources */ = {isa = PBXBuildFile; fileRef = 844443EB24D500BB0090FFFC /* characters.json */; };
/* End PBXBuildFile section */

/* Begin PBXFileReference section */
		8444434924CC82E60090FFFC /* ApexCompanion.app */ = {isa = PBXFileReference; explicitFileType = wrapper.application; includeInIndex = 0; path = ApexCompanion.app; sourceTree = BUILT_PRODUCTS_DIR; };
		8444434C24CC82E60090FFFC /* AppDelegate.swift */ = {isa = PBXFileReference; lastKnownFileType = sourcecode.swift; path = AppDelegate.swift; sourceTree = "<group>"; };
		8444434E24CC82E60090FFFC /* SceneDelegate.swift */ = {isa = PBXFileReference; lastKnownFileType = sourcecode.swift; path = SceneDelegate.swift; sourceTree = "<group>"; };
		8444435024CC82E60090FFFC /* HomeView.swift */ = {isa = PBXFileReference; lastKnownFileType = sourcecode.swift; path = HomeView.swift; sourceTree = "<group>"; };
		8444435224CC82E70090FFFC /* Assets.xcassets */ = {isa = PBXFileReference; lastKnownFileType = folder.assetcatalog; path = Assets.xcassets; sourceTree = "<group>"; };
		8444435524CC82E70090FFFC /* Preview Assets.xcassets */ = {isa = PBXFileReference; lastKnownFileType = folder.assetcatalog; path = "Preview Assets.xcassets"; sourceTree = "<group>"; };
		8444435824CC82E70090FFFC /* Base */ = {isa = PBXFileReference; lastKnownFileType = file.storyboard; name = Base; path = Base.lproj/LaunchScreen.storyboard; sourceTree = "<group>"; };
		8444435A24CC82E70090FFFC /* Info.plist */ = {isa = PBXFileReference; lastKnownFileType = text.plist.xml; path = Info.plist; sourceTree = "<group>"; };
		8444436924CD019A0090FFFC /* Weapon.swift */ = {isa = PBXFileReference; lastKnownFileType = sourcecode.swift; path = Weapon.swift; sourceTree = "<group>"; };
		8444436F24CD06200090FFFC /* weapons.json */ = {isa = PBXFileReference; fileEncoding = 4; lastKnownFileType = text.json; path = weapons.json; sourceTree = "<group>"; };
		8444437424CD08940090FFFC /* Constants.swift */ = {isa = PBXFileReference; lastKnownFileType = sourcecode.swift; path = Constants.swift; sourceTree = "<group>"; };
		8444437624CD29020090FFFC /* WeaponModel.swift */ = {isa = PBXFileReference; lastKnownFileType = sourcecode.swift; path = WeaponModel.swift; sourceTree = "<group>"; };
		8444437A24CD2E500090FFFC /* WeaponListView.swift */ = {isa = PBXFileReference; lastKnownFileType = sourcecode.swift; path = WeaponListView.swift; sourceTree = "<group>"; };
		8444437C24CD2F820090FFFC /* WeaponDetail.swift */ = {isa = PBXFileReference; lastKnownFileType = sourcecode.swift; path = WeaponDetail.swift; sourceTree = "<group>"; };
		8444438624CDFE900090FFFC /* Teko-SemiBold.ttf */ = {isa = PBXFileReference; lastKnownFileType = file; path = "Teko-SemiBold.ttf"; sourceTree = "<group>"; };
		8444438724CDFE900090FFFC /* Teko-Bold.ttf */ = {isa = PBXFileReference; lastKnownFileType = file; path = "Teko-Bold.ttf"; sourceTree = "<group>"; };
		8444438824CDFE900090FFFC /* Teko-Medium.ttf */ = {isa = PBXFileReference; lastKnownFileType = file; path = "Teko-Medium.ttf"; sourceTree = "<group>"; };
		8444438924CDFE900090FFFC /* Teko-Light.ttf */ = {isa = PBXFileReference; lastKnownFileType = file; path = "Teko-Light.ttf"; sourceTree = "<group>"; };
		8444438A24CDFE900090FFFC /* Teko-Regular.ttf */ = {isa = PBXFileReference; lastKnownFileType = file; path = "Teko-Regular.ttf"; sourceTree = "<group>"; };
		8444439E24CE656F0090FFFC /* WDTypesView.swift */ = {isa = PBXFileReference; lastKnownFileType = sourcecode.swift; path = WDTypesView.swift; sourceTree = "<group>"; };
		844443A024CE65DA0090FFFC /* WDHeaderView.swift */ = {isa = PBXFileReference; lastKnownFileType = sourcecode.swift; path = WDHeaderView.swift; sourceTree = "<group>"; };
		844443A224CF63C80090FFFC /* Data.swift */ = {isa = PBXFileReference; lastKnownFileType = sourcecode.swift; path = Data.swift; sourceTree = "<group>"; };
		844443A424CF67C10090FFFC /* WeaponRow.swift */ = {isa = PBXFileReference; lastKnownFileType = sourcecode.swift; path = WeaponRow.swift; sourceTree = "<group>"; };
		844443A624CF71A40090FFFC /* WDDamageView.swift */ = {isa = PBXFileReference; lastKnownFileType = sourcecode.swift; path = WDDamageView.swift; sourceTree = "<group>"; };
		844443AA24CFB3860090FFFC /* WDFireModeView.swift */ = {isa = PBXFileReference; lastKnownFileType = sourcecode.swift; path = WDFireModeView.swift; sourceTree = "<group>"; };
		844443AE24CFB7050090FFFC /* WDRecoilView.swift */ = {isa = PBXFileReference; lastKnownFileType = sourcecode.swift; path = WDRecoilView.swift; sourceTree = "<group>"; };
		844443B024CFB7900090FFFC /* WDClipsView.swift */ = {isa = PBXFileReference; lastKnownFileType = sourcecode.swift; path = WDClipsView.swift; sourceTree = "<group>"; };
		844443B224D07E040090FFFC /* WDDescriptionView.swift */ = {isa = PBXFileReference; lastKnownFileType = sourcecode.swift; path = WDDescriptionView.swift; sourceTree = "<group>"; };
		844443B424D082A80090FFFC /* WDSubheaderView.swift */ = {isa = PBXFileReference; lastKnownFileType = sourcecode.swift; path = WDSubheaderView.swift; sourceTree = "<group>"; };
		844443E224D1E7960090FFFC /* WeaponItem.swift */ = {isa = PBXFileReference; lastKnownFileType = sourcecode.swift; path = WeaponItem.swift; sourceTree = "<group>"; };
		844443E424D1F7AB0090FFFC /* BackgroundView.swift */ = {isa = PBXFileReference; lastKnownFileType = sourcecode.swift; path = BackgroundView.swift; sourceTree = "<group>"; };
		844443E824D212300090FFFC /* NavigationConfigurator.swift */ = {isa = PBXFileReference; lastKnownFileType = sourcecode.swift; path = NavigationConfigurator.swift; sourceTree = "<group>"; };
		844443EB24D500BB0090FFFC /* characters.json */ = {isa = PBXFileReference; fileEncoding = 4; lastKnownFileType = text.json; path = characters.json; sourceTree = "<group>"; };
/* End PBXFileReference section */

/* Begin PBXFrameworksBuildPhase section */
		8444434624CC82E60090FFFC /* Frameworks */ = {
			isa = PBXFrameworksBuildPhase;
			buildActionMask = 2147483647;
			files = (
			);
			runOnlyForDeploymentPostprocessing = 0;
		};
/* End PBXFrameworksBuildPhase section */

/* Begin PBXGroup section */
		8444434024CC82E60090FFFC = {
			isa = PBXGroup;
			children = (
				8444434B24CC82E60090FFFC /* ApexCompanion */,
				8444434A24CC82E60090FFFC /* Products */,
			);
			sourceTree = "<group>";
		};
		8444434A24CC82E60090FFFC /* Products */ = {
			isa = PBXGroup;
			children = (
				8444434924CC82E60090FFFC /* ApexCompanion.app */,
			);
			name = Products;
			sourceTree = "<group>";
		};
		8444434B24CC82E60090FFFC /* ApexCompanion */ = {
			isa = PBXGroup;
			children = (
				8444434C24CC82E60090FFFC /* AppDelegate.swift */,
				8444434E24CC82E60090FFFC /* SceneDelegate.swift */,
				8444436724CD008C0090FFFC /* Views */,
				8444439024CE1CCF0090FFFC /* Supporting Views */,
				8444436824CD00B20090FFFC /* Models */,
				8444437324CD08700090FFFC /* Helpers */,
				8444436624CD005F0090FFFC /* Resources */,
				8444438024CDFB900090FFFC /* Fonts */,
				8444435224CC82E70090FFFC /* Assets.xcassets */,
				8444435724CC82E70090FFFC /* LaunchScreen.storyboard */,
				8444435A24CC82E70090FFFC /* Info.plist */,
				8444435424CC82E70090FFFC /* Preview Content */,
			);
			path = ApexCompanion;
			sourceTree = "<group>";
		};
		8444435424CC82E70090FFFC /* Preview Content */ = {
			isa = PBXGroup;
			children = (
				8444435524CC82E70090FFFC /* Preview Assets.xcassets */,
			);
			path = "Preview Content";
			sourceTree = "<group>";
		};
		8444436624CD005F0090FFFC /* Resources */ = {
			isa = PBXGroup;
			children = (
				844443EB24D500BB0090FFFC /* characters.json */,
				8444436F24CD06200090FFFC /* weapons.json */,
			);
			path = Resources;
			sourceTree = "<group>";
		};
		8444436724CD008C0090FFFC /* Views */ = {
			isa = PBXGroup;
			children = (
				8444435024CC82E60090FFFC /* HomeView.swift */,
				844443EA24D216D90090FFFC /* Weapons */,
			);
			path = Views;
			sourceTree = "<group>";
		};
		8444436824CD00B20090FFFC /* Models */ = {
			isa = PBXGroup;
			children = (
				8444436924CD019A0090FFFC /* Weapon.swift */,
				8444437624CD29020090FFFC /* WeaponModel.swift */,
				844443A224CF63C80090FFFC /* Data.swift */,
			);
			path = Models;
			sourceTree = "<group>";
		};
		8444437324CD08700090FFFC /* Helpers */ = {
			isa = PBXGroup;
			children = (
				8444437424CD08940090FFFC /* Constants.swift */,
			);
			path = Helpers;
			sourceTree = "<group>";
		};
		8444438024CDFB900090FFFC /* Fonts */ = {
			isa = PBXGroup;
			children = (
				8444438724CDFE900090FFFC /* Teko-Bold.ttf */,
				8444438924CDFE900090FFFC /* Teko-Light.ttf */,
				8444438824CDFE900090FFFC /* Teko-Medium.ttf */,
				8444438A24CDFE900090FFFC /* Teko-Regular.ttf */,
				8444438624CDFE900090FFFC /* Teko-SemiBold.ttf */,
			);
			path = Fonts;
			sourceTree = "<group>";
		};
		8444439024CE1CCF0090FFFC /* Supporting Views */ = {
			isa = PBXGroup;
			children = (
				844443E824D212300090FFFC /* NavigationConfigurator.swift */,
				844443E424D1F7AB0090FFFC /* BackgroundView.swift */,
				8444439124CE59E90090FFFC /* Weapons */,
			);
			path = "Supporting Views";
			sourceTree = "<group>";
		};
		8444439124CE59E90090FFFC /* Weapons */ = {
			isa = PBXGroup;
			children = (
				844443A024CE65DA0090FFFC /* WDHeaderView.swift */,
				844443B424D082A80090FFFC /* WDSubheaderView.swift */,
				8444439E24CE656F0090FFFC /* WDTypesView.swift */,
				844443AA24CFB3860090FFFC /* WDFireModeView.swift */,
				844443AE24CFB7050090FFFC /* WDRecoilView.swift */,
				844443A624CF71A40090FFFC /* WDDamageView.swift */,
				844443B024CFB7900090FFFC /* WDClipsView.swift */,
				844443B224D07E040090FFFC /* WDDescriptionView.swift */,
			);
			path = Weapons;
			sourceTree = "<group>";
		};
		844443EA24D216D90090FFFC /* Weapons */ = {
			isa = PBXGroup;
			children = (
				8444437A24CD2E500090FFFC /* WeaponListView.swift */,
				844443A424CF67C10090FFFC /* WeaponRow.swift */,
				844443E224D1E7960090FFFC /* WeaponItem.swift */,
				8444437C24CD2F820090FFFC /* WeaponDetail.swift */,
			);
			path = Weapons;
			sourceTree = "<group>";
		};
/* End PBXGroup section */

/* Begin PBXNativeTarget section */
		8444434824CC82E60090FFFC /* ApexCompanion */ = {
			isa = PBXNativeTarget;
			buildConfigurationList = 8444435D24CC82E70090FFFC /* Build configuration list for PBXNativeTarget "ApexCompanion" */;
			buildPhases = (
				8444434524CC82E60090FFFC /* Sources */,
				8444434624CC82E60090FFFC /* Frameworks */,
				8444434724CC82E60090FFFC /* Resources */,
			);
			buildRules = (
			);
			dependencies = (
			);
			name = ApexCompanion;
			productName = ApexCompanion;
			productReference = 8444434924CC82E60090FFFC /* ApexCompanion.app */;
			productType = "com.apple.product-type.application";
		};
/* End PBXNativeTarget section */

/* Begin PBXProject section */
		8444434124CC82E60090FFFC /* Project object */ = {
			isa = PBXProject;
			attributes = {
				LastSwiftUpdateCheck = 1160;
				LastUpgradeCheck = 1160;
				ORGANIZATIONNAME = "Mitchell Sharber";
				TargetAttributes = {
					8444434824CC82E60090FFFC = {
						CreatedOnToolsVersion = 11.6;
					};
				};
			};
			buildConfigurationList = 8444434424CC82E60090FFFC /* Build configuration list for PBXProject "ApexCompanion" */;
			compatibilityVersion = "Xcode 9.3";
			developmentRegion = en;
			hasScannedForEncodings = 0;
			knownRegions = (
				en,
				Base,
			);
			mainGroup = 8444434024CC82E60090FFFC;
			productRefGroup = 8444434A24CC82E60090FFFC /* Products */;
			projectDirPath = "";
			projectRoot = "";
			targets = (
				8444434824CC82E60090FFFC /* ApexCompanion */,
			);
		};
/* End PBXProject section */

/* Begin PBXResourcesBuildPhase section */
		8444434724CC82E60090FFFC /* Resources */ = {
			isa = PBXResourcesBuildPhase;
			buildActionMask = 2147483647;
			files = (
				8444438F24CDFE910090FFFC /* Teko-Regular.ttf in Resources */,
				8444438E24CDFE910090FFFC /* Teko-Light.ttf in Resources */,
				8444435924CC82E70090FFFC /* LaunchScreen.storyboard in Resources */,
				844443EC24D500BB0090FFFC /* characters.json in Resources */,
				8444438B24CDFE900090FFFC /* Teko-SemiBold.ttf in Resources */,
				8444437024CD06200090FFFC /* weapons.json in Resources */,
				8444438D24CDFE910090FFFC /* Teko-Medium.ttf in Resources */,
				8444435624CC82E70090FFFC /* Preview Assets.xcassets in Resources */,
				8444435324CC82E70090FFFC /* Assets.xcassets in Resources */,
				8444438C24CDFE910090FFFC /* Teko-Bold.ttf in Resources */,
			);
			runOnlyForDeploymentPostprocessing = 0;
		};
/* End PBXResourcesBuildPhase section */

/* Begin PBXSourcesBuildPhase section */
		8444434524CC82E60090FFFC /* Sources */ = {
			isa = PBXSourcesBuildPhase;
			buildActionMask = 2147483647;
			files = (
				844443B324D07E040090FFFC /* WDDescriptionView.swift in Sources */,
				8444437B24CD2E500090FFFC /* WeaponListView.swift in Sources */,
				844443AF24CFB7050090FFFC /* WDRecoilView.swift in Sources */,
				8444434D24CC82E60090FFFC /* AppDelegate.swift in Sources */,
				8444437724CD29020090FFFC /* WeaponModel.swift in Sources */,
				8444436A24CD019A0090FFFC /* Weapon.swift in Sources */,
				8444434F24CC82E60090FFFC /* SceneDelegate.swift in Sources */,
				844443AB24CFB3860090FFFC /* WDFireModeView.swift in Sources */,
				8444435124CC82E60090FFFC /* HomeView.swift in Sources */,
				844443B524D082A80090FFFC /* WDSubheaderView.swift in Sources */,
				844443E324D1E7960090FFFC /* WeaponItem.swift in Sources */,
				844443A124CE65DA0090FFFC /* WDHeaderView.swift in Sources */,
				844443A324CF63C80090FFFC /* Data.swift in Sources */,
				844443B124CFB7900090FFFC /* WDClipsView.swift in Sources */,
				844443E524D1F7AB0090FFFC /* BackgroundView.swift in Sources */,
				844443A724CF71A40090FFFC /* WDDamageView.swift in Sources */,
				8444437524CD08940090FFFC /* Constants.swift in Sources */,
				8444437D24CD2F820090FFFC /* WeaponDetail.swift in Sources */,
				844443A524CF67C10090FFFC /* WeaponRow.swift in Sources */,
				844443E924D212300090FFFC /* NavigationConfigurator.swift in Sources */,
				8444439F24CE656F0090FFFC /* WDTypesView.swift in Sources */,
			);
			runOnlyForDeploymentPostprocessing = 0;
		};
/* End PBXSourcesBuildPhase section */

/* Begin PBXVariantGroup section */
		8444435724CC82E70090FFFC /* LaunchScreen.storyboard */ = {
			isa = PBXVariantGroup;
			children = (
				8444435824CC82E70090FFFC /* Base */,
			);
			name = LaunchScreen.storyboard;
			sourceTree = "<group>";
		};
/* End PBXVariantGroup section */

/* Begin XCBuildConfiguration section */
		8444435B24CC82E70090FFFC /* Debug */ = {
			isa = XCBuildConfiguration;
			buildSettings = {
				ALWAYS_SEARCH_USER_PATHS = NO;
				CLANG_ANALYZER_NONNULL = YES;
				CLANG_ANALYZER_NUMBER_OBJECT_CONVERSION = YES_AGGRESSIVE;
				CLANG_CXX_LANGUAGE_STANDARD = "gnu++14";
				CLANG_CXX_LIBRARY = "libc++";
				CLANG_ENABLE_MODULES = YES;
				CLANG_ENABLE_OBJC_ARC = YES;
				CLANG_ENABLE_OBJC_WEAK = YES;
				CLANG_WARN_BLOCK_CAPTURE_AUTORELEASING = YES;
				CLANG_WARN_BOOL_CONVERSION = YES;
				CLANG_WARN_COMMA = YES;
				CLANG_WARN_CONSTANT_CONVERSION = YES;
				CLANG_WARN_DEPRECATED_OBJC_IMPLEMENTATIONS = YES;
				CLANG_WARN_DIRECT_OBJC_ISA_USAGE = YES_ERROR;
				CLANG_WARN_DOCUMENTATION_COMMENTS = YES;
				CLANG_WARN_EMPTY_BODY = YES;
				CLANG_WARN_ENUM_CONVERSION = YES;
				CLANG_WARN_INFINITE_RECURSION = YES;
				CLANG_WARN_INT_CONVERSION = YES;
				CLANG_WARN_NON_LITERAL_NULL_CONVERSION = YES;
				CLANG_WARN_OBJC_IMPLICIT_RETAIN_SELF = YES;
				CLANG_WARN_OBJC_LITERAL_CONVERSION = YES;
				CLANG_WARN_OBJC_ROOT_CLASS = YES_ERROR;
				CLANG_WARN_RANGE_LOOP_ANALYSIS = YES;
				CLANG_WARN_STRICT_PROTOTYPES = YES;
				CLANG_WARN_SUSPICIOUS_MOVE = YES;
				CLANG_WARN_UNGUARDED_AVAILABILITY = YES_AGGRESSIVE;
				CLANG_WARN_UNREACHABLE_CODE = YES;
				CLANG_WARN__DUPLICATE_METHOD_MATCH = YES;
				COPY_PHASE_STRIP = NO;
				DEBUG_INFORMATION_FORMAT = dwarf;
				ENABLE_STRICT_OBJC_MSGSEND = YES;
				ENABLE_TESTABILITY = YES;
				GCC_C_LANGUAGE_STANDARD = gnu11;
				GCC_DYNAMIC_NO_PIC = NO;
				GCC_NO_COMMON_BLOCKS = YES;
				GCC_OPTIMIZATION_LEVEL = 0;
				GCC_PREPROCESSOR_DEFINITIONS = (
					"DEBUG=1",
					"$(inherited)",
				);
				GCC_WARN_64_TO_32_BIT_CONVERSION = YES;
				GCC_WARN_ABOUT_RETURN_TYPE = YES_ERROR;
				GCC_WARN_UNDECLARED_SELECTOR = YES;
				GCC_WARN_UNINITIALIZED_AUTOS = YES_AGGRESSIVE;
				GCC_WARN_UNUSED_FUNCTION = YES;
				GCC_WARN_UNUSED_VARIABLE = YES;
				IPHONEOS_DEPLOYMENT_TARGET = 13.6;
				MTL_ENABLE_DEBUG_INFO = INCLUDE_SOURCE;
				MTL_FAST_MATH = YES;
				ONLY_ACTIVE_ARCH = YES;
				SDKROOT = iphoneos;
				SWIFT_ACTIVE_COMPILATION_CONDITIONS = DEBUG;
				SWIFT_OPTIMIZATION_LEVEL = "-Onone";
			};
			name = Debug;
		};
		8444435C24CC82E70090FFFC /* Release */ = {
			isa = XCBuildConfiguration;
			buildSettings = {
				ALWAYS_SEARCH_USER_PATHS = NO;
				CLANG_ANALYZER_NONNULL = YES;
				CLANG_ANALYZER_NUMBER_OBJECT_CONVERSION = YES_AGGRESSIVE;
				CLANG_CXX_LANGUAGE_STANDARD = "gnu++14";
				CLANG_CXX_LIBRARY = "libc++";
				CLANG_ENABLE_MODULES = YES;
				CLANG_ENABLE_OBJC_ARC = YES;
				CLANG_ENABLE_OBJC_WEAK = YES;
				CLANG_WARN_BLOCK_CAPTURE_AUTORELEASING = YES;
				CLANG_WARN_BOOL_CONVERSION = YES;
				CLANG_WARN_COMMA = YES;
				CLANG_WARN_CONSTANT_CONVERSION = YES;
				CLANG_WARN_DEPRECATED_OBJC_IMPLEMENTATIONS = YES;
				CLANG_WARN_DIRECT_OBJC_ISA_USAGE = YES_ERROR;
				CLANG_WARN_DOCUMENTATION_COMMENTS = YES;
				CLANG_WARN_EMPTY_BODY = YES;
				CLANG_WARN_ENUM_CONVERSION = YES;
				CLANG_WARN_INFINITE_RECURSION = YES;
				CLANG_WARN_INT_CONVERSION = YES;
				CLANG_WARN_NON_LITERAL_NULL_CONVERSION = YES;
				CLANG_WARN_OBJC_IMPLICIT_RETAIN_SELF = YES;
				CLANG_WARN_OBJC_LITERAL_CONVERSION = YES;
				CLANG_WARN_OBJC_ROOT_CLASS = YES_ERROR;
				CLANG_WARN_RANGE_LOOP_ANALYSIS = YES;
				CLANG_WARN_STRICT_PROTOTYPES = YES;
				CLANG_WARN_SUSPICIOUS_MOVE = YES;
				CLANG_WARN_UNGUARDED_AVAILABILITY = YES_AGGRESSIVE;
				CLANG_WARN_UNREACHABLE_CODE = YES;
				CLANG_WARN__DUPLICATE_METHOD_MATCH = YES;
				COPY_PHASE_STRIP = NO;
				DEBUG_INFORMATION_FORMAT = "dwarf-with-dsym";
				ENABLE_NS_ASSERTIONS = NO;
				ENABLE_STRICT_OBJC_MSGSEND = YES;
				GCC_C_LANGUAGE_STANDARD = gnu11;
				GCC_NO_COMMON_BLOCKS = YES;
				GCC_WARN_64_TO_32_BIT_CONVERSION = YES;
				GCC_WARN_ABOUT_RETURN_TYPE = YES_ERROR;
				GCC_WARN_UNDECLARED_SELECTOR = YES;
				GCC_WARN_UNINITIALIZED_AUTOS = YES_AGGRESSIVE;
				GCC_WARN_UNUSED_FUNCTION = YES;
				GCC_WARN_UNUSED_VARIABLE = YES;
				IPHONEOS_DEPLOYMENT_TARGET = 13.6;
				MTL_ENABLE_DEBUG_INFO = NO;
				MTL_FAST_MATH = YES;
				SDKROOT = iphoneos;
				SWIFT_COMPILATION_MODE = wholemodule;
				SWIFT_OPTIMIZATION_LEVEL = "-O";
				VALIDATE_PRODUCT = YES;
			};
			name = Release;
		};
		8444435E24CC82E70090FFFC /* Debug */ = {
			isa = XCBuildConfiguration;
			buildSettings = {
				ASSETCATALOG_COMPILER_APPICON_NAME = AppIcon;
				CODE_SIGN_STYLE = Automatic;
				DEVELOPMENT_ASSET_PATHS = "\"ApexCompanion/Preview Content\"";
				ENABLE_PREVIEWS = YES;
				INFOPLIST_FILE = ApexCompanion/Info.plist;
				LD_RUNPATH_SEARCH_PATHS = (
					"$(inherited)",
					"@executable_path/Frameworks",
				);
				PRODUCT_BUNDLE_IDENTIFIER = com.MitchellSharber.ApexCompanion;
				PRODUCT_NAME = "$(TARGET_NAME)";
				SWIFT_VERSION = 5.0;
				TARGETED_DEVICE_FAMILY = "1,2";
			};
			name = Debug;
		};
		8444435F24CC82E70090FFFC /* Release */ = {
			isa = XCBuildConfiguration;
			buildSettings = {
				ASSETCATALOG_COMPILER_APPICON_NAME = AppIcon;
				CODE_SIGN_STYLE = Automatic;
				DEVELOPMENT_ASSET_PATHS = "\"ApexCompanion/Preview Content\"";
				ENABLE_PREVIEWS = YES;
				INFOPLIST_FILE = ApexCompanion/Info.plist;
				LD_RUNPATH_SEARCH_PATHS = (
					"$(inherited)",
					"@executable_path/Frameworks",
				);
				PRODUCT_BUNDLE_IDENTIFIER = com.MitchellSharber.ApexCompanion;
				PRODUCT_NAME = "$(TARGET_NAME)";
				SWIFT_VERSION = 5.0;
				TARGETED_DEVICE_FAMILY = "1,2";
			};
			name = Release;
		};
/* End XCBuildConfiguration section */

/* Begin XCConfigurationList section */
		8444434424CC82E60090FFFC /* Build configuration list for PBXProject "ApexCompanion" */ = {
			isa = XCConfigurationList;
			buildConfigurations = (
				8444435B24CC82E70090FFFC /* Debug */,
				8444435C24CC82E70090FFFC /* Release */,
			);
			defaultConfigurationIsVisible = 0;
			defaultConfigurationName = Release;
		};
		8444435D24CC82E70090FFFC /* Build configuration list for PBXNativeTarget "ApexCompanion" */ = {
			isa = XCConfigurationList;
			buildConfigurations = (
				8444435E24CC82E70090FFFC /* Debug */,
				8444435F24CC82E70090FFFC /* Release */,
			);
			defaultConfigurationIsVisible = 0;
			defaultConfigurationName = Release;
		};
/* End XCConfigurationList section */
	};
	rootObject = 8444434124CC82E60090FFFC /* Project object */;
}
